// !$*UTF8*$!
{
	archiveVersion = 1;
	classes = {
	};
	objectVersion = 56;
	objects = {

/* Begin PBXBuildFile section */
		0E5996952C4A6D2C00CC495F /* SnapshotTesting in Frameworks */ = {isa = PBXBuildFile; productRef = 0E5996942C4A6D2C00CC495F /* SnapshotTesting */; };
		0E5996972C4A6D3100CC495F /* InlineSnapshotTesting in Frameworks */ = {isa = PBXBuildFile; productRef = 0E5996962C4A6D3100CC495F /* InlineSnapshotTesting */; };
		0E59969C2C4A9B8A00CC495F /* Utils.swift in Sources */ = {isa = PBXBuildFile; fileRef = 0E6982C62C49427400BDB812 /* Utils.swift */; };
		0E61C4262C4A5C59003857D0 /* ClickyButtonTests.swift in Sources */ = {isa = PBXBuildFile; fileRef = 0E61C4252C4A5C59003857D0 /* ClickyButtonTests.swift */; };
		0E6982C52C49425300BDB812 /* ClickyButton.swift in Sources */ = {isa = PBXBuildFile; fileRef = 0E6982C42C49425300BDB812 /* ClickyButton.swift */; };
		0E6982C72C49427400BDB812 /* Utils.swift in Sources */ = {isa = PBXBuildFile; fileRef = 0E6982C62C49427400BDB812 /* Utils.swift */; };
		0E6982E02C496E0200BDB812 /* Raleway-Black.ttf in Resources */ = {isa = PBXBuildFile; fileRef = 0E6982C82C496E0200BDB812 /* Raleway-Black.ttf */; };
		0E6982E12C496E0200BDB812 /* Raleway-BlackItalic.ttf in Resources */ = {isa = PBXBuildFile; fileRef = 0E6982C92C496E0200BDB812 /* Raleway-BlackItalic.ttf */; };
		0E6982E22C496E0200BDB812 /* Raleway-Bold.ttf in Resources */ = {isa = PBXBuildFile; fileRef = 0E6982CA2C496E0200BDB812 /* Raleway-Bold.ttf */; };
		0E6982E32C496E0200BDB812 /* Raleway-BoldItalic.ttf in Resources */ = {isa = PBXBuildFile; fileRef = 0E6982CB2C496E0200BDB812 /* Raleway-BoldItalic.ttf */; };
		0E6982E42C496E0200BDB812 /* Raleway-ExtraBold.ttf in Resources */ = {isa = PBXBuildFile; fileRef = 0E6982CC2C496E0200BDB812 /* Raleway-ExtraBold.ttf */; };
		0E6982E52C496E0200BDB812 /* Raleway-ExtraBoldItalic.ttf in Resources */ = {isa = PBXBuildFile; fileRef = 0E6982CD2C496E0200BDB812 /* Raleway-ExtraBoldItalic.ttf */; };
		0E6982E62C496E0200BDB812 /* Raleway-ExtraLight.ttf in Resources */ = {isa = PBXBuildFile; fileRef = 0E6982CE2C496E0200BDB812 /* Raleway-ExtraLight.ttf */; };
		0E6982E72C496E0200BDB812 /* Raleway-ExtraLightItalic.ttf in Resources */ = {isa = PBXBuildFile; fileRef = 0E6982CF2C496E0200BDB812 /* Raleway-ExtraLightItalic.ttf */; };
		0E6982E82C496E0200BDB812 /* Raleway-Italic.ttf in Resources */ = {isa = PBXBuildFile; fileRef = 0E6982D02C496E0200BDB812 /* Raleway-Italic.ttf */; };
		0E6982E92C496E0200BDB812 /* Raleway-Light.ttf in Resources */ = {isa = PBXBuildFile; fileRef = 0E6982D12C496E0200BDB812 /* Raleway-Light.ttf */; };
		0E6982EA2C496E0200BDB812 /* Raleway-LightItalic.ttf in Resources */ = {isa = PBXBuildFile; fileRef = 0E6982D22C496E0200BDB812 /* Raleway-LightItalic.ttf */; };
		0E6982EB2C496E0200BDB812 /* Raleway-Medium.ttf in Resources */ = {isa = PBXBuildFile; fileRef = 0E6982D32C496E0200BDB812 /* Raleway-Medium.ttf */; };
		0E6982EC2C496E0200BDB812 /* Raleway-MediumItalic.ttf in Resources */ = {isa = PBXBuildFile; fileRef = 0E6982D42C496E0200BDB812 /* Raleway-MediumItalic.ttf */; };
		0E6982ED2C496E0200BDB812 /* Raleway-Regular.ttf in Resources */ = {isa = PBXBuildFile; fileRef = 0E6982D52C496E0200BDB812 /* Raleway-Regular.ttf */; };
		0E6982EE2C496E0200BDB812 /* Raleway-SemiBold.ttf in Resources */ = {isa = PBXBuildFile; fileRef = 0E6982D62C496E0200BDB812 /* Raleway-SemiBold.ttf */; };
		0E6982EF2C496E0200BDB812 /* Raleway-SemiBoldItalic.ttf in Resources */ = {isa = PBXBuildFile; fileRef = 0E6982D72C496E0200BDB812 /* Raleway-SemiBoldItalic.ttf */; };
		0E6982F02C496E0200BDB812 /* Raleway-Thin.ttf in Resources */ = {isa = PBXBuildFile; fileRef = 0E6982D82C496E0200BDB812 /* Raleway-Thin.ttf */; };
		0E6982F12C496E0200BDB812 /* Raleway-ThinItalic.ttf in Resources */ = {isa = PBXBuildFile; fileRef = 0E6982D92C496E0200BDB812 /* Raleway-ThinItalic.ttf */; };
		0E6983052C496E0E00BDB812 /* Roboto-Black.ttf in Resources */ = {isa = PBXBuildFile; fileRef = 0E6982F72C496E0E00BDB812 /* Roboto-Black.ttf */; };
		0E6983062C496E0E00BDB812 /* Roboto-BlackItalic.ttf in Resources */ = {isa = PBXBuildFile; fileRef = 0E6982F82C496E0E00BDB812 /* Roboto-BlackItalic.ttf */; };
		0E6983072C496E0E00BDB812 /* Roboto-Bold.ttf in Resources */ = {isa = PBXBuildFile; fileRef = 0E6982F92C496E0E00BDB812 /* Roboto-Bold.ttf */; };
		0E6983082C496E0E00BDB812 /* Roboto-BoldItalic.ttf in Resources */ = {isa = PBXBuildFile; fileRef = 0E6982FA2C496E0E00BDB812 /* Roboto-BoldItalic.ttf */; };
		0E6983092C496E0E00BDB812 /* Roboto-Italic.ttf in Resources */ = {isa = PBXBuildFile; fileRef = 0E6982FB2C496E0E00BDB812 /* Roboto-Italic.ttf */; };
		0E69830A2C496E0E00BDB812 /* Roboto-Light.ttf in Resources */ = {isa = PBXBuildFile; fileRef = 0E6982FC2C496E0E00BDB812 /* Roboto-Light.ttf */; };
		0E69830B2C496E0E00BDB812 /* Roboto-LightItalic.ttf in Resources */ = {isa = PBXBuildFile; fileRef = 0E6982FD2C496E0E00BDB812 /* Roboto-LightItalic.ttf */; };
		0E69830C2C496E0E00BDB812 /* Roboto-Medium.ttf in Resources */ = {isa = PBXBuildFile; fileRef = 0E6982FE2C496E0E00BDB812 /* Roboto-Medium.ttf */; };
		0E69830D2C496E0E00BDB812 /* Roboto-MediumItalic.ttf in Resources */ = {isa = PBXBuildFile; fileRef = 0E6982FF2C496E0E00BDB812 /* Roboto-MediumItalic.ttf */; };
		0E69830E2C496E0E00BDB812 /* Roboto-Regular.ttf in Resources */ = {isa = PBXBuildFile; fileRef = 0E6983002C496E0E00BDB812 /* Roboto-Regular.ttf */; };
		0E69830F2C496E0E00BDB812 /* Roboto-Thin.ttf in Resources */ = {isa = PBXBuildFile; fileRef = 0E6983012C496E0E00BDB812 /* Roboto-Thin.ttf */; };
		0E6983102C496E0E00BDB812 /* Roboto-ThinItalic.ttf in Resources */ = {isa = PBXBuildFile; fileRef = 0E6983022C496E0E00BDB812 /* Roboto-ThinItalic.ttf */; };
		0E6983252C496E1B00BDB812 /* Rubik-Black.ttf in Resources */ = {isa = PBXBuildFile; fileRef = 0E6983112C496E1B00BDB812 /* Rubik-Black.ttf */; };
		0E6983262C496E1B00BDB812 /* Rubik-BlackItalic.ttf in Resources */ = {isa = PBXBuildFile; fileRef = 0E6983122C496E1B00BDB812 /* Rubik-BlackItalic.ttf */; };
		0E6983272C496E1B00BDB812 /* Rubik-Bold.ttf in Resources */ = {isa = PBXBuildFile; fileRef = 0E6983132C496E1B00BDB812 /* Rubik-Bold.ttf */; };
		0E6983282C496E1B00BDB812 /* Rubik-BoldItalic.ttf in Resources */ = {isa = PBXBuildFile; fileRef = 0E6983142C496E1B00BDB812 /* Rubik-BoldItalic.ttf */; };
		0E6983292C496E1B00BDB812 /* Rubik-ExtraBold.ttf in Resources */ = {isa = PBXBuildFile; fileRef = 0E6983152C496E1B00BDB812 /* Rubik-ExtraBold.ttf */; };
		0E69832A2C496E1B00BDB812 /* Rubik-ExtraBoldItalic.ttf in Resources */ = {isa = PBXBuildFile; fileRef = 0E6983162C496E1B00BDB812 /* Rubik-ExtraBoldItalic.ttf */; };
		0E69832B2C496E1B00BDB812 /* Rubik-Italic.ttf in Resources */ = {isa = PBXBuildFile; fileRef = 0E6983172C496E1B00BDB812 /* Rubik-Italic.ttf */; };
		0E69832C2C496E1B00BDB812 /* Rubik-Light.ttf in Resources */ = {isa = PBXBuildFile; fileRef = 0E6983182C496E1B00BDB812 /* Rubik-Light.ttf */; };
		0E69832D2C496E1B00BDB812 /* Rubik-LightItalic.ttf in Resources */ = {isa = PBXBuildFile; fileRef = 0E6983192C496E1B00BDB812 /* Rubik-LightItalic.ttf */; };
		0E69832E2C496E1B00BDB812 /* Rubik-Medium.ttf in Resources */ = {isa = PBXBuildFile; fileRef = 0E69831A2C496E1B00BDB812 /* Rubik-Medium.ttf */; };
		0E69832F2C496E1B00BDB812 /* Rubik-MediumItalic.ttf in Resources */ = {isa = PBXBuildFile; fileRef = 0E69831B2C496E1B00BDB812 /* Rubik-MediumItalic.ttf */; };
		0E6983302C496E1B00BDB812 /* Rubik-Regular.ttf in Resources */ = {isa = PBXBuildFile; fileRef = 0E69831C2C496E1B00BDB812 /* Rubik-Regular.ttf */; };
		0E6983312C496E1B00BDB812 /* Rubik-SemiBold.ttf in Resources */ = {isa = PBXBuildFile; fileRef = 0E69831D2C496E1B00BDB812 /* Rubik-SemiBold.ttf */; };
		0E6983322C496E1B00BDB812 /* Rubik-SemiBoldItalic.ttf in Resources */ = {isa = PBXBuildFile; fileRef = 0E69831E2C496E1B00BDB812 /* Rubik-SemiBoldItalic.ttf */; };
		0E734B6F2C490E93000FB15D /* XpehoUIApp.swift in Sources */ = {isa = PBXBuildFile; fileRef = 0E734B6E2C490E93000FB15D /* XpehoUIApp.swift */; };
		0E734B712C490E93000FB15D /* ContentView.swift in Sources */ = {isa = PBXBuildFile; fileRef = 0E734B702C490E93000FB15D /* ContentView.swift */; };
		0E734B732C490E94000FB15D /* Assets.xcassets in Resources */ = {isa = PBXBuildFile; fileRef = 0E734B722C490E94000FB15D /* Assets.xcassets */; };
		0E734B762C490E94000FB15D /* Preview Assets.xcassets in Resources */ = {isa = PBXBuildFile; fileRef = 0E734B752C490E94000FB15D /* Preview Assets.xcassets */; };
		0E734B802C490E94000FB15D /* XpehoUITests.swift in Sources */ = {isa = PBXBuildFile; fileRef = 0E734B7F2C490E94000FB15D /* XpehoUITests.swift */; };
		0E734B8C2C490E94000FB15D /* XpehoUIUITestsLaunchTests.swift in Sources */ = {isa = PBXBuildFile; fileRef = 0E734B8B2C490E94000FB15D /* XpehoUIUITestsLaunchTests.swift */; };
		0EA01BEE2C4E629000AB7A6B /* TagPill.swift in Sources */ = {isa = PBXBuildFile; fileRef = 0EA01BED2C4E629000AB7A6B /* TagPill.swift */; };
		0EA01BF22C4E828B00AB7A6B /* ContentView.swift in Sources */ = {isa = PBXBuildFile; fileRef = 0E734B702C490E93000FB15D /* ContentView.swift */; };
		0EA01BF32C4E828E00AB7A6B /* ClickyButton.swift in Sources */ = {isa = PBXBuildFile; fileRef = 0E6982C42C49425300BDB812 /* ClickyButton.swift */; };
		0EA01BF42C4E829200AB7A6B /* TagPill.swift in Sources */ = {isa = PBXBuildFile; fileRef = 0EA01BED2C4E629000AB7A6B /* TagPill.swift */; };
		0EA01BF62C4E82C900AB7A6B /* TagPillTests.swift in Sources */ = {isa = PBXBuildFile; fileRef = 0EA01BF52C4E82C900AB7A6B /* TagPillTests.swift */; };
/* End PBXBuildFile section */

/* Begin PBXContainerItemProxy section */
		0E734B7C2C490E94000FB15D /* PBXContainerItemProxy */ = {
			isa = PBXContainerItemProxy;
			containerPortal = 0E734B632C490E93000FB15D /* Project object */;
			proxyType = 1;
			remoteGlobalIDString = 0E734B6A2C490E93000FB15D;
			remoteInfo = XpehoUI;
		};
		0E734B862C490E94000FB15D /* PBXContainerItemProxy */ = {
			isa = PBXContainerItemProxy;
			containerPortal = 0E734B632C490E93000FB15D /* Project object */;
			proxyType = 1;
			remoteGlobalIDString = 0E734B6A2C490E93000FB15D;
			remoteInfo = XpehoUI;
		};
/* End PBXContainerItemProxy section */

/* Begin PBXFileReference section */
		0E61C4252C4A5C59003857D0 /* ClickyButtonTests.swift */ = {isa = PBXFileReference; lastKnownFileType = sourcecode.swift; path = ClickyButtonTests.swift; sourceTree = "<group>"; };
		0E6982C42C49425300BDB812 /* ClickyButton.swift */ = {isa = PBXFileReference; lastKnownFileType = sourcecode.swift; path = ClickyButton.swift; sourceTree = "<group>"; };
		0E6982C62C49427400BDB812 /* Utils.swift */ = {isa = PBXFileReference; lastKnownFileType = sourcecode.swift; path = Utils.swift; sourceTree = "<group>"; };
		0E6982C82C496E0200BDB812 /* Raleway-Black.ttf */ = {isa = PBXFileReference; lastKnownFileType = file; path = "Raleway-Black.ttf"; sourceTree = "<group>"; };
		0E6982C92C496E0200BDB812 /* Raleway-BlackItalic.ttf */ = {isa = PBXFileReference; lastKnownFileType = file; path = "Raleway-BlackItalic.ttf"; sourceTree = "<group>"; };
		0E6982CA2C496E0200BDB812 /* Raleway-Bold.ttf */ = {isa = PBXFileReference; lastKnownFileType = file; path = "Raleway-Bold.ttf"; sourceTree = "<group>"; };
		0E6982CB2C496E0200BDB812 /* Raleway-BoldItalic.ttf */ = {isa = PBXFileReference; lastKnownFileType = file; path = "Raleway-BoldItalic.ttf"; sourceTree = "<group>"; };
		0E6982CC2C496E0200BDB812 /* Raleway-ExtraBold.ttf */ = {isa = PBXFileReference; lastKnownFileType = file; path = "Raleway-ExtraBold.ttf"; sourceTree = "<group>"; };
		0E6982CD2C496E0200BDB812 /* Raleway-ExtraBoldItalic.ttf */ = {isa = PBXFileReference; lastKnownFileType = file; path = "Raleway-ExtraBoldItalic.ttf"; sourceTree = "<group>"; };
		0E6982CE2C496E0200BDB812 /* Raleway-ExtraLight.ttf */ = {isa = PBXFileReference; lastKnownFileType = file; path = "Raleway-ExtraLight.ttf"; sourceTree = "<group>"; };
		0E6982CF2C496E0200BDB812 /* Raleway-ExtraLightItalic.ttf */ = {isa = PBXFileReference; lastKnownFileType = file; path = "Raleway-ExtraLightItalic.ttf"; sourceTree = "<group>"; };
		0E6982D02C496E0200BDB812 /* Raleway-Italic.ttf */ = {isa = PBXFileReference; lastKnownFileType = file; path = "Raleway-Italic.ttf"; sourceTree = "<group>"; };
		0E6982D12C496E0200BDB812 /* Raleway-Light.ttf */ = {isa = PBXFileReference; lastKnownFileType = file; path = "Raleway-Light.ttf"; sourceTree = "<group>"; };
		0E6982D22C496E0200BDB812 /* Raleway-LightItalic.ttf */ = {isa = PBXFileReference; lastKnownFileType = file; path = "Raleway-LightItalic.ttf"; sourceTree = "<group>"; };
		0E6982D32C496E0200BDB812 /* Raleway-Medium.ttf */ = {isa = PBXFileReference; lastKnownFileType = file; path = "Raleway-Medium.ttf"; sourceTree = "<group>"; };
		0E6982D42C496E0200BDB812 /* Raleway-MediumItalic.ttf */ = {isa = PBXFileReference; lastKnownFileType = file; path = "Raleway-MediumItalic.ttf"; sourceTree = "<group>"; };
		0E6982D52C496E0200BDB812 /* Raleway-Regular.ttf */ = {isa = PBXFileReference; lastKnownFileType = file; path = "Raleway-Regular.ttf"; sourceTree = "<group>"; };
		0E6982D62C496E0200BDB812 /* Raleway-SemiBold.ttf */ = {isa = PBXFileReference; lastKnownFileType = file; path = "Raleway-SemiBold.ttf"; sourceTree = "<group>"; };
		0E6982D72C496E0200BDB812 /* Raleway-SemiBoldItalic.ttf */ = {isa = PBXFileReference; lastKnownFileType = file; path = "Raleway-SemiBoldItalic.ttf"; sourceTree = "<group>"; };
		0E6982D82C496E0200BDB812 /* Raleway-Thin.ttf */ = {isa = PBXFileReference; lastKnownFileType = file; path = "Raleway-Thin.ttf"; sourceTree = "<group>"; };
		0E6982D92C496E0200BDB812 /* Raleway-ThinItalic.ttf */ = {isa = PBXFileReference; lastKnownFileType = file; path = "Raleway-ThinItalic.ttf"; sourceTree = "<group>"; };
		0E6982F72C496E0E00BDB812 /* Roboto-Black.ttf */ = {isa = PBXFileReference; lastKnownFileType = file; path = "Roboto-Black.ttf"; sourceTree = "<group>"; };
		0E6982F82C496E0E00BDB812 /* Roboto-BlackItalic.ttf */ = {isa = PBXFileReference; lastKnownFileType = file; path = "Roboto-BlackItalic.ttf"; sourceTree = "<group>"; };
		0E6982F92C496E0E00BDB812 /* Roboto-Bold.ttf */ = {isa = PBXFileReference; lastKnownFileType = file; path = "Roboto-Bold.ttf"; sourceTree = "<group>"; };
		0E6982FA2C496E0E00BDB812 /* Roboto-BoldItalic.ttf */ = {isa = PBXFileReference; lastKnownFileType = file; path = "Roboto-BoldItalic.ttf"; sourceTree = "<group>"; };
		0E6982FB2C496E0E00BDB812 /* Roboto-Italic.ttf */ = {isa = PBXFileReference; lastKnownFileType = file; path = "Roboto-Italic.ttf"; sourceTree = "<group>"; };
		0E6982FC2C496E0E00BDB812 /* Roboto-Light.ttf */ = {isa = PBXFileReference; lastKnownFileType = file; path = "Roboto-Light.ttf"; sourceTree = "<group>"; };
		0E6982FD2C496E0E00BDB812 /* Roboto-LightItalic.ttf */ = {isa = PBXFileReference; lastKnownFileType = file; path = "Roboto-LightItalic.ttf"; sourceTree = "<group>"; };
		0E6982FE2C496E0E00BDB812 /* Roboto-Medium.ttf */ = {isa = PBXFileReference; lastKnownFileType = file; path = "Roboto-Medium.ttf"; sourceTree = "<group>"; };
		0E6982FF2C496E0E00BDB812 /* Roboto-MediumItalic.ttf */ = {isa = PBXFileReference; lastKnownFileType = file; path = "Roboto-MediumItalic.ttf"; sourceTree = "<group>"; };
		0E6983002C496E0E00BDB812 /* Roboto-Regular.ttf */ = {isa = PBXFileReference; lastKnownFileType = file; path = "Roboto-Regular.ttf"; sourceTree = "<group>"; };
		0E6983012C496E0E00BDB812 /* Roboto-Thin.ttf */ = {isa = PBXFileReference; lastKnownFileType = file; path = "Roboto-Thin.ttf"; sourceTree = "<group>"; };
		0E6983022C496E0E00BDB812 /* Roboto-ThinItalic.ttf */ = {isa = PBXFileReference; lastKnownFileType = file; path = "Roboto-ThinItalic.ttf"; sourceTree = "<group>"; };
		0E6983112C496E1B00BDB812 /* Rubik-Black.ttf */ = {isa = PBXFileReference; lastKnownFileType = file; path = "Rubik-Black.ttf"; sourceTree = "<group>"; };
		0E6983122C496E1B00BDB812 /* Rubik-BlackItalic.ttf */ = {isa = PBXFileReference; lastKnownFileType = file; path = "Rubik-BlackItalic.ttf"; sourceTree = "<group>"; };
		0E6983132C496E1B00BDB812 /* Rubik-Bold.ttf */ = {isa = PBXFileReference; lastKnownFileType = file; path = "Rubik-Bold.ttf"; sourceTree = "<group>"; };
		0E6983142C496E1B00BDB812 /* Rubik-BoldItalic.ttf */ = {isa = PBXFileReference; lastKnownFileType = file; path = "Rubik-BoldItalic.ttf"; sourceTree = "<group>"; };
		0E6983152C496E1B00BDB812 /* Rubik-ExtraBold.ttf */ = {isa = PBXFileReference; lastKnownFileType = file; path = "Rubik-ExtraBold.ttf"; sourceTree = "<group>"; };
		0E6983162C496E1B00BDB812 /* Rubik-ExtraBoldItalic.ttf */ = {isa = PBXFileReference; lastKnownFileType = file; path = "Rubik-ExtraBoldItalic.ttf"; sourceTree = "<group>"; };
		0E6983172C496E1B00BDB812 /* Rubik-Italic.ttf */ = {isa = PBXFileReference; lastKnownFileType = file; path = "Rubik-Italic.ttf"; sourceTree = "<group>"; };
		0E6983182C496E1B00BDB812 /* Rubik-Light.ttf */ = {isa = PBXFileReference; lastKnownFileType = file; path = "Rubik-Light.ttf"; sourceTree = "<group>"; };
		0E6983192C496E1B00BDB812 /* Rubik-LightItalic.ttf */ = {isa = PBXFileReference; lastKnownFileType = file; path = "Rubik-LightItalic.ttf"; sourceTree = "<group>"; };
		0E69831A2C496E1B00BDB812 /* Rubik-Medium.ttf */ = {isa = PBXFileReference; lastKnownFileType = file; path = "Rubik-Medium.ttf"; sourceTree = "<group>"; };
		0E69831B2C496E1B00BDB812 /* Rubik-MediumItalic.ttf */ = {isa = PBXFileReference; lastKnownFileType = file; path = "Rubik-MediumItalic.ttf"; sourceTree = "<group>"; };
		0E69831C2C496E1B00BDB812 /* Rubik-Regular.ttf */ = {isa = PBXFileReference; lastKnownFileType = file; path = "Rubik-Regular.ttf"; sourceTree = "<group>"; };
		0E69831D2C496E1B00BDB812 /* Rubik-SemiBold.ttf */ = {isa = PBXFileReference; lastKnownFileType = file; path = "Rubik-SemiBold.ttf"; sourceTree = "<group>"; };
		0E69831E2C496E1B00BDB812 /* Rubik-SemiBoldItalic.ttf */ = {isa = PBXFileReference; lastKnownFileType = file; path = "Rubik-SemiBoldItalic.ttf"; sourceTree = "<group>"; };
		0E6983382C496EC400BDB812 /* Info.plist */ = {isa = PBXFileReference; lastKnownFileType = text.plist; path = Info.plist; sourceTree = "<group>"; };
		0E734B6B2C490E93000FB15D /* XpehoUI.app */ = {isa = PBXFileReference; explicitFileType = wrapper.application; includeInIndex = 0; path = XpehoUI.app; sourceTree = BUILT_PRODUCTS_DIR; };
		0E734B6E2C490E93000FB15D /* XpehoUIApp.swift */ = {isa = PBXFileReference; lastKnownFileType = sourcecode.swift; path = XpehoUIApp.swift; sourceTree = "<group>"; };
		0E734B702C490E93000FB15D /* ContentView.swift */ = {isa = PBXFileReference; lastKnownFileType = sourcecode.swift; path = ContentView.swift; sourceTree = "<group>"; };
		0E734B722C490E94000FB15D /* Assets.xcassets */ = {isa = PBXFileReference; lastKnownFileType = folder.assetcatalog; path = Assets.xcassets; sourceTree = "<group>"; };
		0E734B752C490E94000FB15D /* Preview Assets.xcassets */ = {isa = PBXFileReference; lastKnownFileType = folder.assetcatalog; path = "Preview Assets.xcassets"; sourceTree = "<group>"; };
		0E734B7B2C490E94000FB15D /* XpehoUITests.xctest */ = {isa = PBXFileReference; explicitFileType = wrapper.cfbundle; includeInIndex = 0; path = XpehoUITests.xctest; sourceTree = BUILT_PRODUCTS_DIR; };
		0E734B7F2C490E94000FB15D /* XpehoUITests.swift */ = {isa = PBXFileReference; lastKnownFileType = sourcecode.swift; path = XpehoUITests.swift; sourceTree = "<group>"; };
		0E734B852C490E94000FB15D /* XpehoUIUITests.xctest */ = {isa = PBXFileReference; explicitFileType = wrapper.cfbundle; includeInIndex = 0; path = XpehoUIUITests.xctest; sourceTree = BUILT_PRODUCTS_DIR; };
		0E734B8B2C490E94000FB15D /* XpehoUIUITestsLaunchTests.swift */ = {isa = PBXFileReference; lastKnownFileType = sourcecode.swift; path = XpehoUIUITestsLaunchTests.swift; sourceTree = "<group>"; };
		0EA01BED2C4E629000AB7A6B /* TagPill.swift */ = {isa = PBXFileReference; lastKnownFileType = sourcecode.swift; path = TagPill.swift; sourceTree = "<group>"; };
		0EA01BF52C4E82C900AB7A6B /* TagPillTests.swift */ = {isa = PBXFileReference; lastKnownFileType = sourcecode.swift; path = TagPillTests.swift; sourceTree = "<group>"; };
/* End PBXFileReference section */

/* Begin PBXFrameworksBuildPhase section */
		0E734B682C490E93000FB15D /* Frameworks */ = {
			isa = PBXFrameworksBuildPhase;
			buildActionMask = 2147483647;
			files = (
			);
			runOnlyForDeploymentPostprocessing = 0;
		};
		0E734B782C490E94000FB15D /* Frameworks */ = {
			isa = PBXFrameworksBuildPhase;
			buildActionMask = 2147483647;
			files = (
			);
			runOnlyForDeploymentPostprocessing = 0;
		};
		0E734B822C490E94000FB15D /* Frameworks */ = {
			isa = PBXFrameworksBuildPhase;
			buildActionMask = 2147483647;
			files = (
				0E5996972C4A6D3100CC495F /* InlineSnapshotTesting in Frameworks */,
				0E5996952C4A6D2C00CC495F /* SnapshotTesting in Frameworks */,
			);
			runOnlyForDeploymentPostprocessing = 0;
		};
/* End PBXFrameworksBuildPhase section */

/* Begin PBXGroup section */
		0E5996932C4A6D2C00CC495F /* Frameworks */ = {
			isa = PBXGroup;
			children = (
			);
			name = Frameworks;
			sourceTree = "<group>";
		};
		0E6982C32C49423700BDB812 /* Components */ = {
			isa = PBXGroup;
			children = (
				0E6982C42C49425300BDB812 /* ClickyButton.swift */,
				0EA01BED2C4E629000AB7A6B /* TagPill.swift */,
			);
			path = Components;
			sourceTree = "<group>";
		};
		0E6982DF2C496E0200BDB812 /* Raleway */ = {
			isa = PBXGroup;
			children = (
				0E6982C82C496E0200BDB812 /* Raleway-Black.ttf */,
				0E6982C92C496E0200BDB812 /* Raleway-BlackItalic.ttf */,
				0E6982CA2C496E0200BDB812 /* Raleway-Bold.ttf */,
				0E6982CB2C496E0200BDB812 /* Raleway-BoldItalic.ttf */,
				0E6982CC2C496E0200BDB812 /* Raleway-ExtraBold.ttf */,
				0E6982CD2C496E0200BDB812 /* Raleway-ExtraBoldItalic.ttf */,
				0E6982CE2C496E0200BDB812 /* Raleway-ExtraLight.ttf */,
				0E6982CF2C496E0200BDB812 /* Raleway-ExtraLightItalic.ttf */,
				0E6982D02C496E0200BDB812 /* Raleway-Italic.ttf */,
				0E6982D12C496E0200BDB812 /* Raleway-Light.ttf */,
				0E6982D22C496E0200BDB812 /* Raleway-LightItalic.ttf */,
				0E6982D32C496E0200BDB812 /* Raleway-Medium.ttf */,
				0E6982D42C496E0200BDB812 /* Raleway-MediumItalic.ttf */,
				0E6982D52C496E0200BDB812 /* Raleway-Regular.ttf */,
				0E6982D62C496E0200BDB812 /* Raleway-SemiBold.ttf */,
				0E6982D72C496E0200BDB812 /* Raleway-SemiBoldItalic.ttf */,
				0E6982D82C496E0200BDB812 /* Raleway-Thin.ttf */,
				0E6982D92C496E0200BDB812 /* Raleway-ThinItalic.ttf */,
			);
			path = Raleway;
			sourceTree = "<group>";
		};
		0E6983032C496E0E00BDB812 /* Roboto */ = {
			isa = PBXGroup;
			children = (
				0E6982F72C496E0E00BDB812 /* Roboto-Black.ttf */,
				0E6982F82C496E0E00BDB812 /* Roboto-BlackItalic.ttf */,
				0E6982F92C496E0E00BDB812 /* Roboto-Bold.ttf */,
				0E6982FA2C496E0E00BDB812 /* Roboto-BoldItalic.ttf */,
				0E6982FB2C496E0E00BDB812 /* Roboto-Italic.ttf */,
				0E6982FC2C496E0E00BDB812 /* Roboto-Light.ttf */,
				0E6982FD2C496E0E00BDB812 /* Roboto-LightItalic.ttf */,
				0E6982FE2C496E0E00BDB812 /* Roboto-Medium.ttf */,
				0E6982FF2C496E0E00BDB812 /* Roboto-MediumItalic.ttf */,
				0E6983002C496E0E00BDB812 /* Roboto-Regular.ttf */,
				0E6983012C496E0E00BDB812 /* Roboto-Thin.ttf */,
				0E6983022C496E0E00BDB812 /* Roboto-ThinItalic.ttf */,
			);
			path = Roboto;
			sourceTree = "<group>";
		};
		0E6983242C496E1B00BDB812 /* Rubik */ = {
			isa = PBXGroup;
			children = (
				0E6983112C496E1B00BDB812 /* Rubik-Black.ttf */,
				0E6983122C496E1B00BDB812 /* Rubik-BlackItalic.ttf */,
				0E6983132C496E1B00BDB812 /* Rubik-Bold.ttf */,
				0E6983142C496E1B00BDB812 /* Rubik-BoldItalic.ttf */,
				0E6983152C496E1B00BDB812 /* Rubik-ExtraBold.ttf */,
				0E6983162C496E1B00BDB812 /* Rubik-ExtraBoldItalic.ttf */,
				0E6983172C496E1B00BDB812 /* Rubik-Italic.ttf */,
				0E6983182C496E1B00BDB812 /* Rubik-Light.ttf */,
				0E6983192C496E1B00BDB812 /* Rubik-LightItalic.ttf */,
				0E69831A2C496E1B00BDB812 /* Rubik-Medium.ttf */,
				0E69831B2C496E1B00BDB812 /* Rubik-MediumItalic.ttf */,
				0E69831C2C496E1B00BDB812 /* Rubik-Regular.ttf */,
				0E69831D2C496E1B00BDB812 /* Rubik-SemiBold.ttf */,
				0E69831E2C496E1B00BDB812 /* Rubik-SemiBoldItalic.ttf */,
			);
			path = Rubik;
			sourceTree = "<group>";
		};
		0E6983372C496E2300BDB812 /* Fonts */ = {
			isa = PBXGroup;
			children = (
				0E6983242C496E1B00BDB812 /* Rubik */,
				0E6983032C496E0E00BDB812 /* Roboto */,
				0E6982DF2C496E0200BDB812 /* Raleway */,
			);
			path = Fonts;
			sourceTree = "<group>";
		};
		0E734B622C490E93000FB15D = {
			isa = PBXGroup;
			children = (
				0E734B6D2C490E93000FB15D /* XpehoUI */,
				0E734B7E2C490E94000FB15D /* XpehoUITests */,
				0E734B882C490E94000FB15D /* XpehoUIUITests */,
				0E734B6C2C490E93000FB15D /* Products */,
				0E5996932C4A6D2C00CC495F /* Frameworks */,
			);
			sourceTree = "<group>";
		};
		0E734B6C2C490E93000FB15D /* Products */ = {
			isa = PBXGroup;
			children = (
				0E734B6B2C490E93000FB15D /* XpehoUI.app */,
				0E734B7B2C490E94000FB15D /* XpehoUITests.xctest */,
				0E734B852C490E94000FB15D /* XpehoUIUITests.xctest */,
			);
			name = Products;
			sourceTree = "<group>";
		};
		0E734B6D2C490E93000FB15D /* XpehoUI */ = {
			isa = PBXGroup;
			children = (
				0E6983382C496EC400BDB812 /* Info.plist */,
				0E734B6E2C490E93000FB15D /* XpehoUIApp.swift */,
				0E734B702C490E93000FB15D /* ContentView.swift */,
				0E6982C32C49423700BDB812 /* Components */,
				0E734B722C490E94000FB15D /* Assets.xcassets */,
				0E6983372C496E2300BDB812 /* Fonts */,
				0E734B742C490E94000FB15D /* Preview Content */,
				0E6982C62C49427400BDB812 /* Utils.swift */,
			);
			path = XpehoUI;
			sourceTree = "<group>";
		};
		0E734B742C490E94000FB15D /* Preview Content */ = {
			isa = PBXGroup;
			children = (
				0E734B752C490E94000FB15D /* Preview Assets.xcassets */,
			);
			path = "Preview Content";
			sourceTree = "<group>";
		};
		0E734B7E2C490E94000FB15D /* XpehoUITests */ = {
			isa = PBXGroup;
			children = (
				0E734B7F2C490E94000FB15D /* XpehoUITests.swift */,
			);
			path = XpehoUITests;
			sourceTree = "<group>";
		};
		0E734B882C490E94000FB15D /* XpehoUIUITests */ = {
			isa = PBXGroup;
			children = (
				0E734B8B2C490E94000FB15D /* XpehoUIUITestsLaunchTests.swift */,
				0E61C4252C4A5C59003857D0 /* ClickyButtonTests.swift */,
				0EA01BF52C4E82C900AB7A6B /* TagPillTests.swift */,
			);
			path = XpehoUIUITests;
			sourceTree = "<group>";
		};
/* End PBXGroup section */

/* Begin PBXNativeTarget section */
		0E734B6A2C490E93000FB15D /* XpehoUI */ = {
			isa = PBXNativeTarget;
			buildConfigurationList = 0E734B8F2C490E94000FB15D /* Build configuration list for PBXNativeTarget "XpehoUI" */;
			buildPhases = (
				0E734B672C490E93000FB15D /* Sources */,
				0E734B682C490E93000FB15D /* Frameworks */,
				0E734B692C490E93000FB15D /* Resources */,
			);
			buildRules = (
			);
			dependencies = (
			);
			name = XpehoUI;
			packageProductDependencies = (
			);
			productName = XpehoUI;
			productReference = 0E734B6B2C490E93000FB15D /* XpehoUI.app */;
			productType = "com.apple.product-type.application";
		};
		0E734B7A2C490E94000FB15D /* XpehoUITests */ = {
			isa = PBXNativeTarget;
			buildConfigurationList = 0E734B922C490E94000FB15D /* Build configuration list for PBXNativeTarget "XpehoUITests" */;
			buildPhases = (
				0E734B772C490E94000FB15D /* Sources */,
				0E734B782C490E94000FB15D /* Frameworks */,
				0E734B792C490E94000FB15D /* Resources */,
			);
			buildRules = (
			);
			dependencies = (
				0E734B7D2C490E94000FB15D /* PBXTargetDependency */,
			);
			name = XpehoUITests;
			productName = XpehoUITests;
			productReference = 0E734B7B2C490E94000FB15D /* XpehoUITests.xctest */;
			productType = "com.apple.product-type.bundle.unit-test";
		};
		0E734B842C490E94000FB15D /* XpehoUIUITests */ = {
			isa = PBXNativeTarget;
			buildConfigurationList = 0E734B952C490E94000FB15D /* Build configuration list for PBXNativeTarget "XpehoUIUITests" */;
			buildPhases = (
				0E734B812C490E94000FB15D /* Sources */,
				0E734B822C490E94000FB15D /* Frameworks */,
				0E734B832C490E94000FB15D /* Resources */,
			);
			buildRules = (
			);
			dependencies = (
				0E734B872C490E94000FB15D /* PBXTargetDependency */,
			);
			name = XpehoUIUITests;
			packageProductDependencies = (
				0E5996942C4A6D2C00CC495F /* SnapshotTesting */,
				0E5996962C4A6D3100CC495F /* InlineSnapshotTesting */,
			);
			productName = XpehoUIUITests;
			productReference = 0E734B852C490E94000FB15D /* XpehoUIUITests.xctest */;
			productType = "com.apple.product-type.bundle.ui-testing";
		};
/* End PBXNativeTarget section */

/* Begin PBXProject section */
		0E734B632C490E93000FB15D /* Project object */ = {
			isa = PBXProject;
			attributes = {
				BuildIndependentTargetsInParallel = 1;
				LastSwiftUpdateCheck = 1540;
				LastUpgradeCheck = 1540;
				TargetAttributes = {
					0E734B6A2C490E93000FB15D = {
						CreatedOnToolsVersion = 15.4;
					};
					0E734B7A2C490E94000FB15D = {
						CreatedOnToolsVersion = 15.4;
						TestTargetID = 0E734B6A2C490E93000FB15D;
					};
					0E734B842C490E94000FB15D = {
						CreatedOnToolsVersion = 15.4;
						TestTargetID = 0E734B6A2C490E93000FB15D;
					};
				};
			};
			buildConfigurationList = 0E734B662C490E93000FB15D /* Build configuration list for PBXProject "XpehoUI" */;
			compatibilityVersion = "Xcode 14.0";
			developmentRegion = en;
			hasScannedForEncodings = 0;
			knownRegions = (
				en,
				Base,
			);
			mainGroup = 0E734B622C490E93000FB15D;
			packageReferences = (
				0E61C4272C4A66DA003857D0 /* XCRemoteSwiftPackageReference "swift-snapshot-testing" */,
			);
			productRefGroup = 0E734B6C2C490E93000FB15D /* Products */;
			projectDirPath = "";
			projectRoot = "";
			targets = (
				0E734B6A2C490E93000FB15D /* XpehoUI */,
				0E734B7A2C490E94000FB15D /* XpehoUITests */,
				0E734B842C490E94000FB15D /* XpehoUIUITests */,
			);
		};
/* End PBXProject section */

/* Begin PBXResourcesBuildPhase section */
		0E734B692C490E93000FB15D /* Resources */ = {
			isa = PBXResourcesBuildPhase;
			buildActionMask = 2147483647;
			files = (
				0E69830D2C496E0E00BDB812 /* Roboto-MediumItalic.ttf in Resources */,
				0E6982E72C496E0200BDB812 /* Raleway-ExtraLightItalic.ttf in Resources */,
				0E69830B2C496E0E00BDB812 /* Roboto-LightItalic.ttf in Resources */,
				0E6982E12C496E0200BDB812 /* Raleway-BlackItalic.ttf in Resources */,
				0E6983102C496E0E00BDB812 /* Roboto-ThinItalic.ttf in Resources */,
				0E6982E82C496E0200BDB812 /* Raleway-Italic.ttf in Resources */,
				0E69832E2C496E1B00BDB812 /* Rubik-Medium.ttf in Resources */,
				0E6982EE2C496E0200BDB812 /* Raleway-SemiBold.ttf in Resources */,
				0E69830F2C496E0E00BDB812 /* Roboto-Thin.ttf in Resources */,
				0E6982ED2C496E0200BDB812 /* Raleway-Regular.ttf in Resources */,
				0E69832D2C496E1B00BDB812 /* Rubik-LightItalic.ttf in Resources */,
				0E69830C2C496E0E00BDB812 /* Roboto-Medium.ttf in Resources */,
				0E6983092C496E0E00BDB812 /* Roboto-Italic.ttf in Resources */,
				0E6983322C496E1B00BDB812 /* Rubik-SemiBoldItalic.ttf in Resources */,
				0E6982F02C496E0200BDB812 /* Raleway-Thin.ttf in Resources */,
				0E69830A2C496E0E00BDB812 /* Roboto-Light.ttf in Resources */,
				0E6983312C496E1B00BDB812 /* Rubik-SemiBold.ttf in Resources */,
				0E6983052C496E0E00BDB812 /* Roboto-Black.ttf in Resources */,
				0E69832F2C496E1B00BDB812 /* Rubik-MediumItalic.ttf in Resources */,
				0E6982E92C496E0200BDB812 /* Raleway-Light.ttf in Resources */,
				0E734B762C490E94000FB15D /* Preview Assets.xcassets in Resources */,
				0E6982E62C496E0200BDB812 /* Raleway-ExtraLight.ttf in Resources */,
				0E6982F12C496E0200BDB812 /* Raleway-ThinItalic.ttf in Resources */,
				0E6983072C496E0E00BDB812 /* Roboto-Bold.ttf in Resources */,
				0E69832C2C496E1B00BDB812 /* Rubik-Light.ttf in Resources */,
				0E734B732C490E94000FB15D /* Assets.xcassets in Resources */,
				0E6982EF2C496E0200BDB812 /* Raleway-SemiBoldItalic.ttf in Resources */,
				0E69830E2C496E0E00BDB812 /* Roboto-Regular.ttf in Resources */,
				0E6983302C496E1B00BDB812 /* Rubik-Regular.ttf in Resources */,
				0E6982EB2C496E0200BDB812 /* Raleway-Medium.ttf in Resources */,
				0E6982E32C496E0200BDB812 /* Raleway-BoldItalic.ttf in Resources */,
				0E6983082C496E0E00BDB812 /* Roboto-BoldItalic.ttf in Resources */,
				0E69832B2C496E1B00BDB812 /* Rubik-Italic.ttf in Resources */,
				0E6982E52C496E0200BDB812 /* Raleway-ExtraBoldItalic.ttf in Resources */,
				0E6983272C496E1B00BDB812 /* Rubik-Bold.ttf in Resources */,
				0E6982E22C496E0200BDB812 /* Raleway-Bold.ttf in Resources */,
				0E6982EA2C496E0200BDB812 /* Raleway-LightItalic.ttf in Resources */,
				0E6983282C496E1B00BDB812 /* Rubik-BoldItalic.ttf in Resources */,
				0E6982EC2C496E0200BDB812 /* Raleway-MediumItalic.ttf in Resources */,
				0E6983252C496E1B00BDB812 /* Rubik-Black.ttf in Resources */,
				0E6983062C496E0E00BDB812 /* Roboto-BlackItalic.ttf in Resources */,
				0E6982E02C496E0200BDB812 /* Raleway-Black.ttf in Resources */,
				0E6983262C496E1B00BDB812 /* Rubik-BlackItalic.ttf in Resources */,
				0E6983292C496E1B00BDB812 /* Rubik-ExtraBold.ttf in Resources */,
				0E69832A2C496E1B00BDB812 /* Rubik-ExtraBoldItalic.ttf in Resources */,
				0E6982E42C496E0200BDB812 /* Raleway-ExtraBold.ttf in Resources */,
			);
			runOnlyForDeploymentPostprocessing = 0;
		};
		0E734B792C490E94000FB15D /* Resources */ = {
			isa = PBXResourcesBuildPhase;
			buildActionMask = 2147483647;
			files = (
			);
			runOnlyForDeploymentPostprocessing = 0;
		};
		0E734B832C490E94000FB15D /* Resources */ = {
			isa = PBXResourcesBuildPhase;
			buildActionMask = 2147483647;
			files = (
			);
			runOnlyForDeploymentPostprocessing = 0;
		};
/* End PBXResourcesBuildPhase section */

/* Begin PBXSourcesBuildPhase section */
		0E734B672C490E93000FB15D /* Sources */ = {
			isa = PBXSourcesBuildPhase;
			buildActionMask = 2147483647;
			files = (
				0E734B712C490E93000FB15D /* ContentView.swift in Sources */,
				0E6982C52C49425300BDB812 /* ClickyButton.swift in Sources */,
				0E734B6F2C490E93000FB15D /* XpehoUIApp.swift in Sources */,
				0EA01BEE2C4E629000AB7A6B /* TagPill.swift in Sources */,
				0E6982C72C49427400BDB812 /* Utils.swift in Sources */,
			);
			runOnlyForDeploymentPostprocessing = 0;
		};
		0E734B772C490E94000FB15D /* Sources */ = {
			isa = PBXSourcesBuildPhase;
			buildActionMask = 2147483647;
			files = (
				0E734B802C490E94000FB15D /* XpehoUITests.swift in Sources */,
			);
			runOnlyForDeploymentPostprocessing = 0;
		};
		0E734B812C490E94000FB15D /* Sources */ = {
			isa = PBXSourcesBuildPhase;
			buildActionMask = 2147483647;
			files = (
				0EA01BF32C4E828E00AB7A6B /* ClickyButton.swift in Sources */,
				0E59969C2C4A9B8A00CC495F /* Utils.swift in Sources */,
				0E61C4262C4A5C59003857D0 /* ClickyButtonTests.swift in Sources */,
				0EA01BF62C4E82C900AB7A6B /* TagPillTests.swift in Sources */,
				0EA01BF22C4E828B00AB7A6B /* ContentView.swift in Sources */,
				0E734B8C2C490E94000FB15D /* XpehoUIUITestsLaunchTests.swift in Sources */,
				0EA01BF42C4E829200AB7A6B /* TagPill.swift in Sources */,
			);
			runOnlyForDeploymentPostprocessing = 0;
		};
/* End PBXSourcesBuildPhase section */

/* Begin PBXTargetDependency section */
		0E734B7D2C490E94000FB15D /* PBXTargetDependency */ = {
			isa = PBXTargetDependency;
			target = 0E734B6A2C490E93000FB15D /* XpehoUI */;
			targetProxy = 0E734B7C2C490E94000FB15D /* PBXContainerItemProxy */;
		};
		0E734B872C490E94000FB15D /* PBXTargetDependency */ = {
			isa = PBXTargetDependency;
			target = 0E734B6A2C490E93000FB15D /* XpehoUI */;
			targetProxy = 0E734B862C490E94000FB15D /* PBXContainerItemProxy */;
		};
/* End PBXTargetDependency section */

/* Begin XCBuildConfiguration section */
		0E734B8D2C490E94000FB15D /* Debug */ = {
			isa = XCBuildConfiguration;
			buildSettings = {
				ALWAYS_SEARCH_USER_PATHS = NO;
				ASSETCATALOG_COMPILER_GENERATE_SWIFT_ASSET_SYMBOL_EXTENSIONS = YES;
				CLANG_ANALYZER_NONNULL = YES;
				CLANG_ANALYZER_NUMBER_OBJECT_CONVERSION = YES_AGGRESSIVE;
				CLANG_CXX_LANGUAGE_STANDARD = "gnu++20";
				CLANG_ENABLE_MODULES = YES;
				CLANG_ENABLE_OBJC_ARC = YES;
				CLANG_ENABLE_OBJC_WEAK = YES;
				CLANG_WARN_BLOCK_CAPTURE_AUTORELEASING = YES;
				CLANG_WARN_BOOL_CONVERSION = YES;
				CLANG_WARN_COMMA = YES;
				CLANG_WARN_CONSTANT_CONVERSION = YES;
				CLANG_WARN_DEPRECATED_OBJC_IMPLEMENTATIONS = YES;
				CLANG_WARN_DIRECT_OBJC_ISA_USAGE = YES_ERROR;
				CLANG_WARN_DOCUMENTATION_COMMENTS = YES;
				CLANG_WARN_EMPTY_BODY = YES;
				CLANG_WARN_ENUM_CONVERSION = YES;
				CLANG_WARN_INFINITE_RECURSION = YES;
				CLANG_WARN_INT_CONVERSION = YES;
				CLANG_WARN_NON_LITERAL_NULL_CONVERSION = YES;
				CLANG_WARN_OBJC_IMPLICIT_RETAIN_SELF = YES;
				CLANG_WARN_OBJC_LITERAL_CONVERSION = YES;
				CLANG_WARN_OBJC_ROOT_CLASS = YES_ERROR;
				CLANG_WARN_QUOTED_INCLUDE_IN_FRAMEWORK_HEADER = YES;
				CLANG_WARN_RANGE_LOOP_ANALYSIS = YES;
				CLANG_WARN_STRICT_PROTOTYPES = YES;
				CLANG_WARN_SUSPICIOUS_MOVE = YES;
				CLANG_WARN_UNGUARDED_AVAILABILITY = YES_AGGRESSIVE;
				CLANG_WARN_UNREACHABLE_CODE = YES;
				CLANG_WARN__DUPLICATE_METHOD_MATCH = YES;
				COPY_PHASE_STRIP = NO;
				DEBUG_INFORMATION_FORMAT = dwarf;
				ENABLE_STRICT_OBJC_MSGSEND = YES;
				ENABLE_TESTABILITY = YES;
				ENABLE_USER_SCRIPT_SANDBOXING = YES;
				GCC_C_LANGUAGE_STANDARD = gnu17;
				GCC_DYNAMIC_NO_PIC = NO;
				GCC_NO_COMMON_BLOCKS = YES;
				GCC_OPTIMIZATION_LEVEL = 0;
				GCC_PREPROCESSOR_DEFINITIONS = (
					"DEBUG=1",
					"$(inherited)",
				);
				GCC_WARN_64_TO_32_BIT_CONVERSION = YES;
				GCC_WARN_ABOUT_RETURN_TYPE = YES_ERROR;
				GCC_WARN_UNDECLARED_SELECTOR = YES;
				GCC_WARN_UNINITIALIZED_AUTOS = YES_AGGRESSIVE;
				GCC_WARN_UNUSED_FUNCTION = YES;
				GCC_WARN_UNUSED_VARIABLE = YES;
				IPHONEOS_DEPLOYMENT_TARGET = 17.5;
				LOCALIZATION_PREFERS_STRING_CATALOGS = YES;
				MTL_ENABLE_DEBUG_INFO = INCLUDE_SOURCE;
				MTL_FAST_MATH = YES;
				ONLY_ACTIVE_ARCH = YES;
				SDKROOT = iphoneos;
				SWIFT_ACTIVE_COMPILATION_CONDITIONS = "DEBUG $(inherited)";
				SWIFT_OPTIMIZATION_LEVEL = "-Onone";
			};
			name = Debug;
		};
		0E734B8E2C490E94000FB15D /* Release */ = {
			isa = XCBuildConfiguration;
			buildSettings = {
				ALWAYS_SEARCH_USER_PATHS = NO;
				ASSETCATALOG_COMPILER_GENERATE_SWIFT_ASSET_SYMBOL_EXTENSIONS = YES;
				CLANG_ANALYZER_NONNULL = YES;
				CLANG_ANALYZER_NUMBER_OBJECT_CONVERSION = YES_AGGRESSIVE;
				CLANG_CXX_LANGUAGE_STANDARD = "gnu++20";
				CLANG_ENABLE_MODULES = YES;
				CLANG_ENABLE_OBJC_ARC = YES;
				CLANG_ENABLE_OBJC_WEAK = YES;
				CLANG_WARN_BLOCK_CAPTURE_AUTORELEASING = YES;
				CLANG_WARN_BOOL_CONVERSION = YES;
				CLANG_WARN_COMMA = YES;
				CLANG_WARN_CONSTANT_CONVERSION = YES;
				CLANG_WARN_DEPRECATED_OBJC_IMPLEMENTATIONS = YES;
				CLANG_WARN_DIRECT_OBJC_ISA_USAGE = YES_ERROR;
				CLANG_WARN_DOCUMENTATION_COMMENTS = YES;
				CLANG_WARN_EMPTY_BODY = YES;
				CLANG_WARN_ENUM_CONVERSION = YES;
				CLANG_WARN_INFINITE_RECURSION = YES;
				CLANG_WARN_INT_CONVERSION = YES;
				CLANG_WARN_NON_LITERAL_NULL_CONVERSION = YES;
				CLANG_WARN_OBJC_IMPLICIT_RETAIN_SELF = YES;
				CLANG_WARN_OBJC_LITERAL_CONVERSION = YES;
				CLANG_WARN_OBJC_ROOT_CLASS = YES_ERROR;
				CLANG_WARN_QUOTED_INCLUDE_IN_FRAMEWORK_HEADER = YES;
				CLANG_WARN_RANGE_LOOP_ANALYSIS = YES;
				CLANG_WARN_STRICT_PROTOTYPES = YES;
				CLANG_WARN_SUSPICIOUS_MOVE = YES;
				CLANG_WARN_UNGUARDED_AVAILABILITY = YES_AGGRESSIVE;
				CLANG_WARN_UNREACHABLE_CODE = YES;
				CLANG_WARN__DUPLICATE_METHOD_MATCH = YES;
				COPY_PHASE_STRIP = NO;
				DEBUG_INFORMATION_FORMAT = "dwarf-with-dsym";
				ENABLE_NS_ASSERTIONS = NO;
				ENABLE_STRICT_OBJC_MSGSEND = YES;
				ENABLE_USER_SCRIPT_SANDBOXING = YES;
				GCC_C_LANGUAGE_STANDARD = gnu17;
				GCC_NO_COMMON_BLOCKS = YES;
				GCC_WARN_64_TO_32_BIT_CONVERSION = YES;
				GCC_WARN_ABOUT_RETURN_TYPE = YES_ERROR;
				GCC_WARN_UNDECLARED_SELECTOR = YES;
				GCC_WARN_UNINITIALIZED_AUTOS = YES_AGGRESSIVE;
				GCC_WARN_UNUSED_FUNCTION = YES;
				GCC_WARN_UNUSED_VARIABLE = YES;
				IPHONEOS_DEPLOYMENT_TARGET = 17.5;
				LOCALIZATION_PREFERS_STRING_CATALOGS = YES;
				MTL_ENABLE_DEBUG_INFO = NO;
				MTL_FAST_MATH = YES;
				SDKROOT = iphoneos;
				SWIFT_COMPILATION_MODE = wholemodule;
				VALIDATE_PRODUCT = YES;
			};
			name = Release;
		};
		0E734B902C490E94000FB15D /* Debug */ = {
			isa = XCBuildConfiguration;
			buildSettings = {
				ASSETCATALOG_COMPILER_APPICON_NAME = AppIcon;
				ASSETCATALOG_COMPILER_GLOBAL_ACCENT_COLOR_NAME = AccentColor;
				CODE_SIGN_STYLE = Automatic;
				CURRENT_PROJECT_VERSION = 1;
				DEVELOPMENT_ASSET_PATHS = "\"XpehoUI/Preview Content\"";
				DEVELOPMENT_TEAM = S97GY8T7R8;
				ENABLE_PREVIEWS = YES;
				GENERATE_INFOPLIST_FILE = YES;
				INFOPLIST_FILE = XpehoUI/Info.plist;
				INFOPLIST_KEY_UIApplicationSceneManifest_Generation = YES;
				INFOPLIST_KEY_UIApplicationSupportsIndirectInputEvents = YES;
				INFOPLIST_KEY_UILaunchScreen_Generation = YES;
				INFOPLIST_KEY_UISupportedInterfaceOrientations_iPad = "UIInterfaceOrientationPortrait UIInterfaceOrientationPortraitUpsideDown UIInterfaceOrientationLandscapeLeft UIInterfaceOrientationLandscapeRight";
				INFOPLIST_KEY_UISupportedInterfaceOrientations_iPhone = "UIInterfaceOrientationPortrait UIInterfaceOrientationLandscapeLeft UIInterfaceOrientationLandscapeRight";
				LD_RUNPATH_SEARCH_PATHS = (
					"$(inherited)",
					"@executable_path/Frameworks",
				);
				MARKETING_VERSION = 1.0;
				PRODUCT_BUNDLE_IDENTIFIER = com.xpeho.XpehoUI;
				PRODUCT_NAME = "$(TARGET_NAME)";
				SWIFT_EMIT_LOC_STRINGS = YES;
				SWIFT_VERSION = 5.0;
				TARGETED_DEVICE_FAMILY = "1,2";
			};
			name = Debug;
		};
		0E734B912C490E94000FB15D /* Release */ = {
			isa = XCBuildConfiguration;
			buildSettings = {
				ASSETCATALOG_COMPILER_APPICON_NAME = AppIcon;
				ASSETCATALOG_COMPILER_GLOBAL_ACCENT_COLOR_NAME = AccentColor;
				CODE_SIGN_STYLE = Automatic;
				CURRENT_PROJECT_VERSION = 1;
				DEVELOPMENT_ASSET_PATHS = "\"XpehoUI/Preview Content\"";
				DEVELOPMENT_TEAM = S97GY8T7R8;
				ENABLE_PREVIEWS = YES;
				GENERATE_INFOPLIST_FILE = YES;
				INFOPLIST_FILE = XpehoUI/Info.plist;
				INFOPLIST_KEY_UIApplicationSceneManifest_Generation = YES;
				INFOPLIST_KEY_UIApplicationSupportsIndirectInputEvents = YES;
				INFOPLIST_KEY_UILaunchScreen_Generation = YES;
				INFOPLIST_KEY_UISupportedInterfaceOrientations_iPad = "UIInterfaceOrientationPortrait UIInterfaceOrientationPortraitUpsideDown UIInterfaceOrientationLandscapeLeft UIInterfaceOrientationLandscapeRight";
				INFOPLIST_KEY_UISupportedInterfaceOrientations_iPhone = "UIInterfaceOrientationPortrait UIInterfaceOrientationLandscapeLeft UIInterfaceOrientationLandscapeRight";
				LD_RUNPATH_SEARCH_PATHS = (
					"$(inherited)",
					"@executable_path/Frameworks",
				);
				MARKETING_VERSION = 1.0;
				PRODUCT_BUNDLE_IDENTIFIER = com.xpeho.XpehoUI;
				PRODUCT_NAME = "$(TARGET_NAME)";
				SWIFT_EMIT_LOC_STRINGS = YES;
				SWIFT_VERSION = 5.0;
				TARGETED_DEVICE_FAMILY = "1,2";
			};
			name = Release;
		};
		0E734B932C490E94000FB15D /* Debug */ = {
			isa = XCBuildConfiguration;
			buildSettings = {
				ALWAYS_EMBED_SWIFT_STANDARD_LIBRARIES = YES;
				BUNDLE_LOADER = "$(TEST_HOST)";
				CODE_SIGN_STYLE = Automatic;
				CURRENT_PROJECT_VERSION = 1;
				DEVELOPMENT_TEAM = S97GY8T7R8;
				GENERATE_INFOPLIST_FILE = YES;
				IPHONEOS_DEPLOYMENT_TARGET = 17.5;
				MARKETING_VERSION = 1.0;
				PRODUCT_BUNDLE_IDENTIFIER = com.xpeho.XpehoUITests;
				PRODUCT_NAME = "$(TARGET_NAME)";
				SWIFT_EMIT_LOC_STRINGS = NO;
				SWIFT_VERSION = 5.0;
				TARGETED_DEVICE_FAMILY = "1,2";
				TEST_HOST = "$(BUILT_PRODUCTS_DIR)/XpehoUI.app/$(BUNDLE_EXECUTABLE_FOLDER_PATH)/XpehoUI";
			};
			name = Debug;
		};
		0E734B942C490E94000FB15D /* Release */ = {
			isa = XCBuildConfiguration;
			buildSettings = {
				ALWAYS_EMBED_SWIFT_STANDARD_LIBRARIES = YES;
				BUNDLE_LOADER = "$(TEST_HOST)";
				CODE_SIGN_STYLE = Automatic;
				CURRENT_PROJECT_VERSION = 1;
				DEVELOPMENT_TEAM = S97GY8T7R8;
				GENERATE_INFOPLIST_FILE = YES;
				IPHONEOS_DEPLOYMENT_TARGET = 17.5;
				MARKETING_VERSION = 1.0;
				PRODUCT_BUNDLE_IDENTIFIER = com.xpeho.XpehoUITests;
				PRODUCT_NAME = "$(TARGET_NAME)";
				SWIFT_EMIT_LOC_STRINGS = NO;
				SWIFT_VERSION = 5.0;
				TARGETED_DEVICE_FAMILY = "1,2";
				TEST_HOST = "$(BUILT_PRODUCTS_DIR)/XpehoUI.app/$(BUNDLE_EXECUTABLE_FOLDER_PATH)/XpehoUI";
			};
			name = Release;
		};
		0E734B962C490E94000FB15D /* Debug */ = {
			isa = XCBuildConfiguration;
			buildSettings = {
				ALWAYS_EMBED_SWIFT_STANDARD_LIBRARIES = YES;
				CODE_SIGN_STYLE = Automatic;
				CURRENT_PROJECT_VERSION = 1;
				DEVELOPMENT_TEAM = S97GY8T7R8;
				GENERATE_INFOPLIST_FILE = YES;
				MARKETING_VERSION = 1.0;
				PRODUCT_BUNDLE_IDENTIFIER = com.xpeho.XpehoUIUITests;
				PRODUCT_NAME = "$(TARGET_NAME)";
				SWIFT_EMIT_LOC_STRINGS = NO;
				SWIFT_VERSION = 5.0;
				TARGETED_DEVICE_FAMILY = "1,2";
				TEST_TARGET_NAME = XpehoUI;
			};
			name = Debug;
		};
		0E734B972C490E94000FB15D /* Release */ = {
			isa = XCBuildConfiguration;
			buildSettings = {
				ALWAYS_EMBED_SWIFT_STANDARD_LIBRARIES = YES;
				CODE_SIGN_STYLE = Automatic;
				CURRENT_PROJECT_VERSION = 1;
				DEVELOPMENT_TEAM = S97GY8T7R8;
				GENERATE_INFOPLIST_FILE = YES;
				MARKETING_VERSION = 1.0;
				PRODUCT_BUNDLE_IDENTIFIER = com.xpeho.XpehoUIUITests;
				PRODUCT_NAME = "$(TARGET_NAME)";
				SWIFT_EMIT_LOC_STRINGS = NO;
				SWIFT_VERSION = 5.0;
				TARGETED_DEVICE_FAMILY = "1,2";
				TEST_TARGET_NAME = XpehoUI;
			};
			name = Release;
		};
/* End XCBuildConfiguration section */

/* Begin XCConfigurationList section */
		0E734B662C490E93000FB15D /* Build configuration list for PBXProject "XpehoUI" */ = {
			isa = XCConfigurationList;
			buildConfigurations = (
				0E734B8D2C490E94000FB15D /* Debug */,
				0E734B8E2C490E94000FB15D /* Release */,
			);
			defaultConfigurationIsVisible = 0;
			defaultConfigurationName = Release;
		};
		0E734B8F2C490E94000FB15D /* Build configuration list for PBXNativeTarget "XpehoUI" */ = {
			isa = XCConfigurationList;
			buildConfigurations = (
				0E734B902C490E94000FB15D /* Debug */,
				0E734B912C490E94000FB15D /* Release */,
			);
			defaultConfigurationIsVisible = 0;
			defaultConfigurationName = Release;
		};
		0E734B922C490E94000FB15D /* Build configuration list for PBXNativeTarget "XpehoUITests" */ = {
			isa = XCConfigurationList;
			buildConfigurations = (
				0E734B932C490E94000FB15D /* Debug */,
				0E734B942C490E94000FB15D /* Release */,
			);
			defaultConfigurationIsVisible = 0;
			defaultConfigurationName = Release;
		};
		0E734B952C490E94000FB15D /* Build configuration list for PBXNativeTarget "XpehoUIUITests" */ = {
			isa = XCConfigurationList;
			buildConfigurations = (
				0E734B962C490E94000FB15D /* Debug */,
				0E734B972C490E94000FB15D /* Release */,
			);
			defaultConfigurationIsVisible = 0;
			defaultConfigurationName = Release;
		};
/* End XCConfigurationList section */

/* Begin XCRemoteSwiftPackageReference section */
		0E61C4272C4A66DA003857D0 /* XCRemoteSwiftPackageReference "swift-snapshot-testing" */ = {
			isa = XCRemoteSwiftPackageReference;
			repositoryURL = "https://github.com/pointfreeco/swift-snapshot-testing";
			requirement = {
				kind = upToNextMajorVersion;
				minimumVersion = 1.17.2;
			};
		};
/* End XCRemoteSwiftPackageReference section */

/* Begin XCSwiftPackageProductDependency section */
		0E5996942C4A6D2C00CC495F /* SnapshotTesting */ = {
			isa = XCSwiftPackageProductDependency;
			package = 0E61C4272C4A66DA003857D0 /* XCRemoteSwiftPackageReference "swift-snapshot-testing" */;
			productName = SnapshotTesting;
		};
		0E5996962C4A6D3100CC495F /* InlineSnapshotTesting */ = {
			isa = XCSwiftPackageProductDependency;
			package = 0E61C4272C4A66DA003857D0 /* XCRemoteSwiftPackageReference "swift-snapshot-testing" */;
			productName = InlineSnapshotTesting;
		};
/* End XCSwiftPackageProductDependency section */
	};
	rootObject = 0E734B632C490E93000FB15D /* Project object */;
}
